
Microsoft Visual Studio Solution File, Format Version 12.00
# Visual Studio Version 16
VisualStudioVersion = 16.0.31410.357
MinimumVisualStudioVersion = 10.0.40219.1
Project("{FAE04EC0-301F-11D3-BF4B-00C04F79EFBC}") = "KeyLockChecker", "KeyLockChecker\KeyLockChecker.csproj", "{B33B95F6-409E-4D12-A2D9-1B4A4C7D2DD7}"
EndProject
Global
	GlobalSection(SolutionConfigurationPlatforms) = preSolution
		Debug|Any CPU = Debug|Any CPU
		Release|Any CPU = Release|Any CPU
	EndGlobalSection
	GlobalSection(ProjectConfigurationPlatforms) = postSolution
		{B33B95F6-409E-4D12-A2D9-1B4A4C7D2DD7}.Debug|Any CPU.ActiveCfg = Debug|Any CPU
		{B33B95F6-409E-4D12-A2D9-1B4A4C7D2DD7}.Debug|Any CPU.Build.0 = Debug|Any CPU
		{B33B95F6-409E-4D12-A2D9-1B4A4C7D2DD7}.Release|Any CPU.ActiveCfg = Release|Any CPU
		{B33B95F6-409E-4D12-A2D9-1B4A4C7D2DD7}.Release|Any CPU.Build.0 = Release|Any CPU
	EndGlobalSection
	GlobalSection(SolutionProperties) = preSolution
		HideSolutionNode = FALSE
	EndGlobalSection
	GlobalSection(ExtensibilityGlobals) = postSolution
		SolutionGuid = {CF6A2D83-B43A-4864-86C5-5B8E3D28E4AD}
	EndGlobalSection
EndGlobal
